// !$*UTF8*$!
{
	archiveVersion = 1;
	classes = {
	};
	objectVersion = 50;
	objects = {

/* Begin PBXBuildFile section */
		334D3D392500D80A00143E76 /* AppDelegate.swift in Sources */ = {isa = PBXBuildFile; fileRef = 334D3D382500D80A00143E76 /* AppDelegate.swift */; };
		334D3D3B2500D80A00143E76 /* SceneDelegate.swift in Sources */ = {isa = PBXBuildFile; fileRef = 334D3D3A2500D80A00143E76 /* SceneDelegate.swift */; };
		334D3D3D2500D80A00143E76 /* ContentView.swift in Sources */ = {isa = PBXBuildFile; fileRef = 334D3D3C2500D80A00143E76 /* ContentView.swift */; };
		334D3D3F2500D80C00143E76 /* Assets.xcassets in Resources */ = {isa = PBXBuildFile; fileRef = 334D3D3E2500D80C00143E76 /* Assets.xcassets */; };
		334D3D422500D80C00143E76 /* Preview Assets.xcassets in Resources */ = {isa = PBXBuildFile; fileRef = 334D3D412500D80C00143E76 /* Preview Assets.xcassets */; };
		334D3D452500D80C00143E76 /* LaunchScreen.storyboard in Resources */ = {isa = PBXBuildFile; fileRef = 334D3D432500D80C00143E76 /* LaunchScreen.storyboard */; };
/* End PBXBuildFile section */

/* Begin PBXFileReference section */
		334D3D352500D80A00143E76 /* PickersSwiftUI.app */ = {isa = PBXFileReference; explicitFileType = wrapper.application; includeInIndex = 0; path = PickersSwiftUI.app; sourceTree = BUILT_PRODUCTS_DIR; };
		334D3D382500D80A00143E76 /* AppDelegate.swift */ = {isa = PBXFileReference; lastKnownFileType = sourcecode.swift; path = AppDelegate.swift; sourceTree = "<group>"; };
		334D3D3A2500D80A00143E76 /* SceneDelegate.swift */ = {isa = PBXFileReference; lastKnownFileType = sourcecode.swift; path = SceneDelegate.swift; sourceTree = "<group>"; };
		334D3D3C2500D80A00143E76 /* ContentView.swift */ = {isa = PBXFileReference; lastKnownFileType = sourcecode.swift; path = ContentView.swift; sourceTree = "<group>"; };
		334D3D3E2500D80C00143E76 /* Assets.xcassets */ = {isa = PBXFileReference; lastKnownFileType = folder.assetcatalog; path = Assets.xcassets; sourceTree = "<group>"; };
		334D3D412500D80C00143E76 /* Preview Assets.xcassets */ = {isa = PBXFileReference; lastKnownFileType = folder.assetcatalog; path = "Preview Assets.xcassets"; sourceTree = "<group>"; };
		334D3D442500D80C00143E76 /* Base */ = {isa = PBXFileReference; lastKnownFileType = file.storyboard; name = Base; path = Base.lproj/LaunchScreen.storyboard; sourceTree = "<group>"; };
		334D3D462500D80C00143E76 /* Info.plist */ = {isa = PBXFileReference; lastKnownFileType = text.plist.xml; path = Info.plist; sourceTree = "<group>"; };
/* End PBXFileReference section */

/* Begin PBXFrameworksBuildPhase section */
		334D3D322500D80A00143E76 /* Frameworks */ = {
			isa = PBXFrameworksBuildPhase;
			buildActionMask = 2147483647;
			files = (
			);
			runOnlyForDeploymentPostprocessing = 0;
		};
/* End PBXFrameworksBuildPhase section */

/* Begin PBXGroup section */
		334D3D2C2500D80A00143E76 = {
			isa = PBXGroup;
			children = (
				334D3D372500D80A00143E76 /* PickersSwiftUI */,
				334D3D362500D80A00143E76 /* Products */,
			);
			sourceTree = "<group>";
		};
		334D3D362500D80A00143E76 /* Products */ = {
			isa = PBXGroup;
			children = (
				334D3D352500D80A00143E76 /* PickersSwiftUI.app */,
			);
			name = Products;
			sourceTree = "<group>";
		};
		334D3D372500D80A00143E76 /* PickersSwiftUI */ = {
			isa = PBXGroup;
			children = (
				334D3D382500D80A00143E76 /* AppDelegate.swift */,
				334D3D3A2500D80A00143E76 /* SceneDelegate.swift */,
				334D3D3C2500D80A00143E76 /* ContentView.swift */,
				334D3D3E2500D80C00143E76 /* Assets.xcassets */,
				334D3D432500D80C00143E76 /* LaunchScreen.storyboard */,
				334D3D462500D80C00143E76 /* Info.plist */,
				334D3D402500D80C00143E76 /* Preview Content */,
			);
			path = PickersSwiftUI;
			sourceTree = "<group>";
		};
		334D3D402500D80C00143E76 /* Preview Content */ = {
			isa = PBXGroup;
			children = (
				334D3D412500D80C00143E76 /* Preview Assets.xcassets */,
			);
			path = "Preview Content";
			sourceTree = "<group>";
		};
/* End PBXGroup section */

/* Begin PBXNativeTarget section */
		334D3D342500D80A00143E76 /* PickersSwiftUI */ = {
			isa = PBXNativeTarget;
			buildConfigurationList = 334D3D492500D80C00143E76 /* Build configuration list for PBXNativeTarget "PickersSwiftUI" */;
			buildPhases = (
				334D3D312500D80A00143E76 /* Sources */,
				334D3D322500D80A00143E76 /* Frameworks */,
				334D3D332500D80A00143E76 /* Resources */,
			);
			buildRules = (
			);
			dependencies = (
			);
			name = PickersSwiftUI;
			productName = PickersSwiftUI;
			productReference = 334D3D352500D80A00143E76 /* PickersSwiftUI.app */;
			productType = "com.apple.product-type.application";
		};
/* End PBXNativeTarget section */

/* Begin PBXProject section */
		334D3D2D2500D80A00143E76 /* Project object */ = {
			isa = PBXProject;
			attributes = {
				LastSwiftUpdateCheck = 1160;
				LastUpgradeCheck = 1160;
				ORGANIZATIONNAME = "Nikita Perezhogin";
				TargetAttributes = {
					334D3D342500D80A00143E76 = {
						CreatedOnToolsVersion = 11.6;
					};
				};
			};
			buildConfigurationList = 334D3D302500D80A00143E76 /* Build configuration list for PBXProject "PickersSwiftUI" */;
			compatibilityVersion = "Xcode 9.3";
			developmentRegion = en;
			hasScannedForEncodings = 0;
			knownRegions = (
				en,
				Base,
			);
			mainGroup = 334D3D2C2500D80A00143E76;
			productRefGroup = 334D3D362500D80A00143E76 /* Products */;
			projectDirPath = "";
			projectRoot = "";
			targets = (
				334D3D342500D80A00143E76 /* PickersSwiftUI */,
			);
		};
/* End PBXProject section */

/* Begin PBXResourcesBuildPhase section */
		334D3D332500D80A00143E76 /* Resources */ = {
			isa = PBXResourcesBuildPhase;
			buildActionMask = 2147483647;
			files = (
				334D3D452500D80C00143E76 /* LaunchScreen.storyboard in Resources */,
				334D3D422500D80C00143E76 /* Preview Assets.xcassets in Resources */,
				334D3D3F2500D80C00143E76 /* Assets.xcassets in Resources */,
			);
			runOnlyForDeploymentPostprocessing = 0;
		};
/* End PBXResourcesBuildPhase section */

/* Begin PBXSourcesBuildPhase section */
		334D3D312500D80A00143E76 /* Sources */ = {
			isa = PBXSourcesBuildPhase;
			buildActionMask = 2147483647;
			files = (
				334D3D392500D80A00143E76 /* AppDelegate.swift in Sources */,
				334D3D3B2500D80A00143E76 /* SceneDelegate.swift in Sources */,
				334D3D3D2500D80A00143E76 /* ContentView.swift in Sources */,
			);
			runOnlyForDeploymentPostprocessing = 0;
		};
/* End PBXSourcesBuildPhase section */

/* Begin PBXVariantGroup section */
		334D3D432500D80C00143E76 /* LaunchScreen.storyboard */ = {
			isa = PBXVariantGroup;
			children = (
				334D3D442500D80C00143E76 /* Base */,
			);
			name = LaunchScreen.storyboard;
			sourceTree = "<group>";
		};
/* End PBXVariantGroup section */

/* Begin XCBuildConfiguration section */
		334D3D472500D80C00143E76 /* Debug */ = {
			isa = XCBuildConfiguration;
			buildSettings = {
				ALWAYS_SEARCH_USER_PATHS = NO;
				CLANG_ANALYZER_NONNULL = YES;
				CLANG_ANALYZER_NUMBER_OBJECT_CONVERSION = YES_AGGRESSIVE;
				CLANG_CXX_LANGUAGE_STANDARD = "gnu++14";
				CLANG_CXX_LIBRARY = "libc++";
				CLANG_ENABLE_MODULES = YES;
				CLANG_ENABLE_OBJC_ARC = YES;
				CLANG_ENABLE_OBJC_WEAK = YES;
				CLANG_WARN_BLOCK_CAPTURE_AUTORELEASING = YES;
				CLANG_WARN_BOOL_CONVERSION = YES;
				CLANG_WARN_COMMA = YES;
				CLANG_WARN_CONSTANT_CONVERSION = YES;
				CLANG_WARN_DEPRECATED_OBJC_IMPLEMENTATIONS = YES;
				CLANG_WARN_DIRECT_OBJC_ISA_USAGE = YES_ERROR;
				CLANG_WARN_DOCUMENTATION_COMMENTS = YES;
				CLANG_WARN_EMPTY_BODY = YES;
				CLANG_WARN_ENUM_CONVERSION = YES;
				CLANG_WARN_INFINITE_RECURSION = YES;
				CLANG_WARN_INT_CONVERSION = YES;
				CLANG_WARN_NON_LITERAL_NULL_CONVERSION = YES;
				CLANG_WARN_OBJC_IMPLICIT_RETAIN_SELF = YES;
				CLANG_WARN_OBJC_LITERAL_CONVERSION = YES;
				CLANG_WARN_OBJC_ROOT_CLASS = YES_ERROR;
				CLANG_WARN_RANGE_LOOP_ANALYSIS = YES;
				CLANG_WARN_STRICT_PROTOTYPES = YES;
				CLANG_WARN_SUSPICIOUS_MOVE = YES;
				CLANG_WARN_UNGUARDED_AVAILABILITY = YES_AGGRESSIVE;
				CLANG_WARN_UNREACHABLE_CODE = YES;
				CLANG_WARN__DUPLICATE_METHOD_MATCH = YES;
				COPY_PHASE_STRIP = NO;
				DEBUG_INFORMATION_FORMAT = dwarf;
				ENABLE_STRICT_OBJC_MSGSEND = YES;
				ENABLE_TESTABILITY = YES;
				GCC_C_LANGUAGE_STANDARD = gnu11;
				GCC_DYNAMIC_NO_PIC = NO;
				GCC_NO_COMMON_BLOCKS = YES;
				GCC_OPTIMIZATION_LEVEL = 0;
				GCC_PREPROCESSOR_DEFINITIONS = (
					"DEBUG=1",
					"$(inherited)",
				);
				GCC_WARN_64_TO_32_BIT_CONVERSION = YES;
				GCC_WARN_ABOUT_RETURN_TYPE = YES_ERROR;
				GCC_WARN_UNDECLARED_SELECTOR = YES;
				GCC_WARN_UNINITIALIZED_AUTOS = YES_AGGRESSIVE;
				GCC_WARN_UNUSED_FUNCTION = YES;
				GCC_WARN_UNUSED_VARIABLE = YES;
				IPHONEOS_DEPLOYMENT_TARGET = 13.6;
				MTL_ENABLE_DEBUG_INFO = INCLUDE_SOURCE;
				MTL_FAST_MATH = YES;
				ONLY_ACTIVE_ARCH = YES;
				SDKROOT = iphoneos;
				SWIFT_ACTIVE_COMPILATION_CONDITIONS = DEBUG;
				SWIFT_OPTIMIZATION_LEVEL = "-Onone";
			};
			name = Debug;
		};
		334D3D482500D80C00143E76 /* Release */ = {
			isa = XCBuildConfiguration;
			buildSettings = {
				ALWAYS_SEARCH_USER_PATHS = NO;
				CLANG_ANALYZER_NONNULL = YES;
				CLANG_ANALYZER_NUMBER_OBJECT_CONVERSION = YES_AGGRESSIVE;
				CLANG_CXX_LANGUAGE_STANDARD = "gnu++14";
				CLANG_CXX_LIBRARY = "libc++";
				CLANG_ENABLE_MODULES = YES;
				CLANG_ENABLE_OBJC_ARC = YES;
				CLANG_ENABLE_OBJC_WEAK = YES;
				CLANG_WARN_BLOCK_CAPTURE_AUTORELEASING = YES;
				CLANG_WARN_BOOL_CONVERSION = YES;
				CLANG_WARN_COMMA = YES;
				CLANG_WARN_CONSTANT_CONVERSION = YES;
				CLANG_WARN_DEPRECATED_OBJC_IMPLEMENTATIONS = YES;
				CLANG_WARN_DIRECT_OBJC_ISA_USAGE = YES_ERROR;
				CLANG_WARN_DOCUMENTATION_COMMENTS = YES;
				CLANG_WARN_EMPTY_BODY = YES;
				CLANG_WARN_ENUM_CONVERSION = YES;
				CLANG_WARN_INFINITE_RECURSION = YES;
				CLANG_WARN_INT_CONVERSION = YES;
				CLANG_WARN_NON_LITERAL_NULL_CONVERSION = YES;
				CLANG_WARN_OBJC_IMPLICIT_RETAIN_SELF = YES;
				CLANG_WARN_OBJC_LITERAL_CONVERSION = YES;
				CLANG_WARN_OBJC_ROOT_CLASS = YES_ERROR;
				CLANG_WARN_RANGE_LOOP_ANALYSIS = YES;
				CLANG_WARN_STRICT_PROTOTYPES = YES;
				CLANG_WARN_SUSPICIOUS_MOVE = YES;
				CLANG_WARN_UNGUARDED_AVAILABILITY = YES_AGGRESSIVE;
				CLANG_WARN_UNREACHABLE_CODE = YES;
				CLANG_WARN__DUPLICATE_METHOD_MATCH = YES;
				COPY_PHASE_STRIP = NO;
				DEBUG_INFORMATION_FORMAT = "dwarf-with-dsym";
				ENABLE_NS_ASSERTIONS = NO;
				ENABLE_STRICT_OBJC_MSGSEND = YES;
				GCC_C_LANGUAGE_STANDARD = gnu11;
				GCC_NO_COMMON_BLOCKS = YES;
				GCC_WARN_64_TO_32_BIT_CONVERSION = YES;
				GCC_WARN_ABOUT_RETURN_TYPE = YES_ERROR;
				GCC_WARN_UNDECLARED_SELECTOR = YES;
				GCC_WARN_UNINITIALIZED_AUTOS = YES_AGGRESSIVE;
				GCC_WARN_UNUSED_FUNCTION = YES;
				GCC_WARN_UNUSED_VARIABLE = YES;
				IPHONEOS_DEPLOYMENT_TARGET = 13.6;
				MTL_ENABLE_DEBUG_INFO = NO;
				MTL_FAST_MATH = YES;
				SDKROOT = iphoneos;
				SWIFT_COMPILATION_MODE = wholemodule;
				SWIFT_OPTIMIZATION_LEVEL = "-O";
				VALIDATE_PRODUCT = YES;
			};
			name = Release;
		};
		334D3D4A2500D80C00143E76 /* Debug */ = {
			isa = XCBuildConfiguration;
			buildSettings = {
				ASSETCATALOG_COMPILER_APPICON_NAME = AppIcon;
				CODE_SIGN_STYLE = Automatic;
				DEVELOPMENT_ASSET_PATHS = "\"PickersSwiftUI/Preview Content\"";
				DEVELOPMENT_TEAM = L2XU233WA6;
				ENABLE_PREVIEWS = YES;
				INFOPLIST_FILE = PickersSwiftUI/Info.plist;
				LD_RUNPATH_SEARCH_PATHS = (
					"$(inherited)",
					"@executable_path/Frameworks",
				);
				PRODUCT_BUNDLE_IDENTIFIER = NikitaPerezhogin.PickersSwiftUI;
				PRODUCT_NAME = "$(TARGET_NAME)";
				SWIFT_VERSION = 5.0;
				TARGETED_DEVICE_FAMILY = "1,2";
			};
			name = Debug;
		};
		334D3D4B2500D80C00143E76 /* Release */ = {
			isa = XCBuildConfiguration;
			buildSettings = {
				ASSETCATALOG_COMPILER_APPICON_NAME = AppIcon;
				CODE_SIGN_STYLE = Automatic;
				DEVELOPMENT_ASSET_PATHS = "\"PickersSwiftUI/Preview Content\"";
				DEVELOPMENT_TEAM = L2XU233WA6;
				ENABLE_PREVIEWS = YES;
				INFOPLIST_FILE = PickersSwiftUI/Info.plist;
				LD_RUNPATH_SEARCH_PATHS = (
					"$(inherited)",
					"@executable_path/Frameworks",
				);
				PRODUCT_BUNDLE_IDENTIFIER = NikitaPerezhogin.PickersSwiftUI;
				PRODUCT_NAME = "$(TARGET_NAME)";
				SWIFT_VERSION = 5.0;
				TARGETED_DEVICE_FAMILY = "1,2";
			};
			name = Release;
		};
/* End XCBuildConfiguration section */

/* Begin XCConfigurationList section */
		334D3D302500D80A00143E76 /* Build configuration list for PBXProject "PickersSwiftUI" */ = {
			isa = XCConfigurationList;
			buildConfigurations = (
				334D3D472500D80C00143E76 /* Debug */,
				334D3D482500D80C00143E76 /* Release */,
			);
			defaultConfigurationIsVisible = 0;
			defaultConfigurationName = Release;
		};
		334D3D492500D80C00143E76 /* Build configuration list for PBXNativeTarget "PickersSwiftUI" */ = {
			isa = XCConfigurationList;
			buildConfigurations = (
				334D3D4A2500D80C00143E76 /* Debug */,
				334D3D4B2500D80C00143E76 /* Release */,
			);
			defaultConfigurationIsVisible = 0;
			defaultConfigurationName = Release;
		};
/* End XCConfigurationList section */
	};
	rootObject = 334D3D2D2500D80A00143E76 /* Project object */;
}
